
Microsoft Visual Studio Solution File, Format Version 12.00
# Visual Studio Version 17
VisualStudioVersion = 17.9.34902.65
MinimumVisualStudioVersion = 10.0.40219.1
Project("{FAE04EC0-301F-11D3-BF4B-00C04F79EFBC}") = "HiddenObjectsGame", "HiddenObjectsGame\HiddenObjectsGame.csproj", "{174FDC1B-2E0A-4769-BC7A-3518A9C82C79}"
EndProject
Global
	GlobalSection(SolutionConfigurationPlatforms) = preSolution
		Debug|Any CPU = Debug|Any CPU
		Release|Any CPU = Release|Any CPU
	EndGlobalSection
	GlobalSection(ProjectConfigurationPlatforms) = postSolution
		{174FDC1B-2E0A-4769-BC7A-3518A9C82C79}.Debug|Any CPU.ActiveCfg = Debug|Any CPU
		{174FDC1B-2E0A-4769-BC7A-3518A9C82C79}.Debug|Any CPU.Build.0 = Debug|Any CPU
		{174FDC1B-2E0A-4769-BC7A-3518A9C82C79}.Release|Any CPU.ActiveCfg = Release|Any CPU
		{174FDC1B-2E0A-4769-BC7A-3518A9C82C79}.Release|Any CPU.Build.0 = Release|Any CPU
	EndGlobalSection
	GlobalSection(SolutionProperties) = preSolution
		HideSolutionNode = FALSE
	EndGlobalSection
	GlobalSection(ExtensibilityGlobals) = postSolution
		SolutionGuid = {B4E8CDC0-20BB-429C-865B-3BE0F224BABD}
	EndGlobalSection
EndGlobal
